
Microsoft Visual Studio Solution File, Format Version 12.00
# Visual Studio Version 17
VisualStudioVersion = 17.4.33403.182
MinimumVisualStudioVersion = 10.0.40219.1
Project("{9A19103F-16F7-4668-BE54-9A1E7A4F7556}") = "Browser_Simulator", "Browser_Simulator\Browser_Simulator.csproj", "{B5E523F2-3EFF-44F1-BFDC-CD52652DEDAF}"
EndProject
Project("{FAE04EC0-301F-11D3-BF4B-00C04F79EFBC}") = "TestProject1", "TestProject1\TestProject1.csproj", "{D59CDB23-793A-431B-BF18-3D68EB20449F}"
EndProject
Global
	GlobalSection(SolutionConfigurationPlatforms) = preSolution
		Debug|Any CPU = Debug|Any CPU
		Release|Any CPU = Release|Any CPU
	EndGlobalSection
	GlobalSection(ProjectConfigurationPlatforms) = postSolution
		{B5E523F2-3EFF-44F1-BFDC-CD52652DEDAF}.Debug|Any CPU.ActiveCfg = Debug|Any CPU
		{B5E523F2-3EFF-44F1-BFDC-CD52652DEDAF}.Debug|Any CPU.Build.0 = Debug|Any CPU
		{B5E523F2-3EFF-44F1-BFDC-CD52652DEDAF}.Release|Any CPU.ActiveCfg = Release|Any CPU
		{B5E523F2-3EFF-44F1-BFDC-CD52652DEDAF}.Release|Any CPU.Build.0 = Release|Any CPU
		{D59CDB23-793A-431B-BF18-3D68EB20449F}.Debug|Any CPU.ActiveCfg = Debug|Any CPU
		{D59CDB23-793A-431B-BF18-3D68EB20449F}.Debug|Any CPU.Build.0 = Debug|Any CPU
		{D59CDB23-793A-431B-BF18-3D68EB20449F}.Release|Any CPU.ActiveCfg = Release|Any CPU
		{D59CDB23-793A-431B-BF18-3D68EB20449F}.Release|Any CPU.Build.0 = Release|Any CPU
	EndGlobalSection
	GlobalSection(SolutionProperties) = preSolution
		HideSolutionNode = FALSE
	EndGlobalSection
	GlobalSection(ExtensibilityGlobals) = postSolution
		SolutionGuid = {A3A2E58D-2933-4AF3-89D6-FF6F68FBD43B}
	EndGlobalSection
EndGlobal
